// !$*UTF8*$!
{
	archiveVersion = 1;
	classes = {
	};
	objectVersion = 46;
	objects = {

/* Begin PBXBuildFile section */
		2B9EF91016E4021D006DF30D /* NewOperationViewController.m in Sources */ = {isa = PBXBuildFile; fileRef = 2B9EF90F16E4021D006DF30D /* NewOperationViewController.m */; };
		2BEE742216E269800066BC62 /* UIKit.framework in Frameworks */ = {isa = PBXBuildFile; fileRef = 2BEE742116E269800066BC62 /* UIKit.framework */; };
		2BEE742416E269800066BC62 /* Foundation.framework in Frameworks */ = {isa = PBXBuildFile; fileRef = 2BEE742316E269800066BC62 /* Foundation.framework */; };
		2BEE742616E269800066BC62 /* CoreGraphics.framework in Frameworks */ = {isa = PBXBuildFile; fileRef = 2BEE742516E269800066BC62 /* CoreGraphics.framework */; };
		2BEE742C16E269800066BC62 /* InfoPlist.strings in Resources */ = {isa = PBXBuildFile; fileRef = 2BEE742A16E269800066BC62 /* InfoPlist.strings */; };
		2BEE742E16E269800066BC62 /* main.m in Sources */ = {isa = PBXBuildFile; fileRef = 2BEE742D16E269800066BC62 /* main.m */; };
		2BEE743216E269800066BC62 /* AppDelegate.m in Sources */ = {isa = PBXBuildFile; fileRef = 2BEE743116E269800066BC62 /* AppDelegate.m */; };
		2BEE743416E269800066BC62 /* Default.png in Resources */ = {isa = PBXBuildFile; fileRef = 2BEE743316E269800066BC62 /* Default.png */; };
		2BEE743616E269800066BC62 /* Default@2x.png in Resources */ = {isa = PBXBuildFile; fileRef = 2BEE743516E269800066BC62 /* Default@2x.png */; };
		2BEE743816E269800066BC62 /* Default-568h@2x.png in Resources */ = {isa = PBXBuildFile; fileRef = 2BEE743716E269800066BC62 /* Default-568h@2x.png */; };
		2BEE743B16E269800066BC62 /* MainStoryboard_iPhone.storyboard in Resources */ = {isa = PBXBuildFile; fileRef = 2BEE743916E269800066BC62 /* MainStoryboard_iPhone.storyboard */; };
		2BEE743E16E269800066BC62 /* MainStoryboard_iPad.storyboard in Resources */ = {isa = PBXBuildFile; fileRef = 2BEE743C16E269800066BC62 /* MainStoryboard_iPad.storyboard */; };
		2BEE744116E269800066BC62 /* FirstViewController.m in Sources */ = {isa = PBXBuildFile; fileRef = 2BEE744016E269800066BC62 /* FirstViewController.m */; };
		2BEE744316E269800066BC62 /* first.png in Resources */ = {isa = PBXBuildFile; fileRef = 2BEE744216E269800066BC62 /* first.png */; };
		2BEE744516E269800066BC62 /* first@2x.png in Resources */ = {isa = PBXBuildFile; fileRef = 2BEE744416E269800066BC62 /* first@2x.png */; };
		2BEE744816E269800066BC62 /* SecondViewController.m in Sources */ = {isa = PBXBuildFile; fileRef = 2BEE744716E269800066BC62 /* SecondViewController.m */; };
		2BEE744A16E269800066BC62 /* second.png in Resources */ = {isa = PBXBuildFile; fileRef = 2BEE744916E269800066BC62 /* second.png */; };
		2BEE744C16E269800066BC62 /* second@2x.png in Resources */ = {isa = PBXBuildFile; fileRef = 2BEE744B16E269800066BC62 /* second@2x.png */; };
/* End PBXBuildFile section */

/* Begin PBXFileReference section */
		2B9EF90E16E4021D006DF30D /* NewOperationViewController.h */ = {isa = PBXFileReference; fileEncoding = 4; lastKnownFileType = sourcecode.c.h; path = NewOperationViewController.h; sourceTree = "<group>"; };
		2B9EF90F16E4021D006DF30D /* NewOperationViewController.m */ = {isa = PBXFileReference; fileEncoding = 4; lastKnownFileType = sourcecode.c.objc; path = NewOperationViewController.m; sourceTree = "<group>"; };
		2BEE741E16E269800066BC62 /* InnoCirclesProto.app */ = {isa = PBXFileReference; explicitFileType = wrapper.application; includeInIndex = 0; path = InnoCirclesProto.app; sourceTree = BUILT_PRODUCTS_DIR; };
		2BEE742116E269800066BC62 /* UIKit.framework */ = {isa = PBXFileReference; lastKnownFileType = wrapper.framework; name = UIKit.framework; path = System/Library/Frameworks/UIKit.framework; sourceTree = SDKROOT; };
		2BEE742316E269800066BC62 /* Foundation.framework */ = {isa = PBXFileReference; lastKnownFileType = wrapper.framework; name = Foundation.framework; path = System/Library/Frameworks/Foundation.framework; sourceTree = SDKROOT; };
		2BEE742516E269800066BC62 /* CoreGraphics.framework */ = {isa = PBXFileReference; lastKnownFileType = wrapper.framework; name = CoreGraphics.framework; path = System/Library/Frameworks/CoreGraphics.framework; sourceTree = SDKROOT; };
		2BEE742916E269800066BC62 /* InnoCirclesProto-Info.plist */ = {isa = PBXFileReference; lastKnownFileType = text.plist.xml; path = "InnoCirclesProto-Info.plist"; sourceTree = "<group>"; };
		2BEE742B16E269800066BC62 /* en */ = {isa = PBXFileReference; lastKnownFileType = text.plist.strings; name = en; path = en.lproj/InfoPlist.strings; sourceTree = "<group>"; };
		2BEE742D16E269800066BC62 /* main.m */ = {isa = PBXFileReference; lastKnownFileType = sourcecode.c.objc; path = main.m; sourceTree = "<group>"; };
		2BEE742F16E269800066BC62 /* InnoCirclesProto-Prefix.pch */ = {isa = PBXFileReference; lastKnownFileType = sourcecode.c.h; path = "InnoCirclesProto-Prefix.pch"; sourceTree = "<group>"; };
		2BEE743016E269800066BC62 /* AppDelegate.h */ = {isa = PBXFileReference; lastKnownFileType = sourcecode.c.h; path = AppDelegate.h; sourceTree = "<group>"; };
		2BEE743116E269800066BC62 /* AppDelegate.m */ = {isa = PBXFileReference; lastKnownFileType = sourcecode.c.objc; path = AppDelegate.m; sourceTree = "<group>"; };
		2BEE743316E269800066BC62 /* Default.png */ = {isa = PBXFileReference; lastKnownFileType = image.png; path = Default.png; sourceTree = "<group>"; };
		2BEE743516E269800066BC62 /* Default@2x.png */ = {isa = PBXFileReference; lastKnownFileType = image.png; path = "Default@2x.png"; sourceTree = "<group>"; };
		2BEE743716E269800066BC62 /* Default-568h@2x.png */ = {isa = PBXFileReference; lastKnownFileType = image.png; path = "Default-568h@2x.png"; sourceTree = "<group>"; };
		2BEE743A16E269800066BC62 /* en */ = {isa = PBXFileReference; lastKnownFileType = file.storyboard; name = en; path = en.lproj/MainStoryboard_iPhone.storyboard; sourceTree = "<group>"; };
		2BEE743D16E269800066BC62 /* en */ = {isa = PBXFileReference; lastKnownFileType = file.storyboard; name = en; path = en.lproj/MainStoryboard_iPad.storyboard; sourceTree = "<group>"; };
		2BEE743F16E269800066BC62 /* FirstViewController.h */ = {isa = PBXFileReference; lastKnownFileType = sourcecode.c.h; path = FirstViewController.h; sourceTree = "<group>"; };
		2BEE744016E269800066BC62 /* FirstViewController.m */ = {isa = PBXFileReference; lastKnownFileType = sourcecode.c.objc; path = FirstViewController.m; sourceTree = "<group>"; };
		2BEE744216E269800066BC62 /* first.png */ = {isa = PBXFileReference; lastKnownFileType = image.png; path = first.png; sourceTree = "<group>"; };
		2BEE744416E269800066BC62 /* first@2x.png */ = {isa = PBXFileReference; lastKnownFileType = image.png; path = "first@2x.png"; sourceTree = "<group>"; };
		2BEE744616E269800066BC62 /* SecondViewController.h */ = {isa = PBXFileReference; lastKnownFileType = sourcecode.c.h; path = SecondViewController.h; sourceTree = "<group>"; };
		2BEE744716E269800066BC62 /* SecondViewController.m */ = {isa = PBXFileReference; lastKnownFileType = sourcecode.c.objc; path = SecondViewController.m; sourceTree = "<group>"; };
		2BEE744916E269800066BC62 /* second.png */ = {isa = PBXFileReference; lastKnownFileType = image.png; path = second.png; sourceTree = "<group>"; };
		2BEE744B16E269800066BC62 /* second@2x.png */ = {isa = PBXFileReference; lastKnownFileType = image.png; path = "second@2x.png"; sourceTree = "<group>"; };
/* End PBXFileReference section */

/* Begin PBXFrameworksBuildPhase section */
		2BEE741B16E269800066BC62 /* Frameworks */ = {
			isa = PBXFrameworksBuildPhase;
			buildActionMask = 2147483647;
			files = (
				2BEE742216E269800066BC62 /* UIKit.framework in Frameworks */,
				2BEE742416E269800066BC62 /* Foundation.framework in Frameworks */,
				2BEE742616E269800066BC62 /* CoreGraphics.framework in Frameworks */,
			);
			runOnlyForDeploymentPostprocessing = 0;
		};
/* End PBXFrameworksBuildPhase section */

/* Begin PBXGroup section */
		2BEE741516E269800066BC62 = {
			isa = PBXGroup;
			children = (
				2BEE742716E269800066BC62 /* InnoCirclesProto */,
				2BEE742016E269800066BC62 /* Frameworks */,
				2BEE741F16E269800066BC62 /* Products */,
			);
			sourceTree = "<group>";
		};
		2BEE741F16E269800066BC62 /* Products */ = {
			isa = PBXGroup;
			children = (
				2BEE741E16E269800066BC62 /* InnoCirclesProto.app */,
			);
			name = Products;
			sourceTree = "<group>";
		};
		2BEE742016E269800066BC62 /* Frameworks */ = {
			isa = PBXGroup;
			children = (
				2BEE742116E269800066BC62 /* UIKit.framework */,
				2BEE742316E269800066BC62 /* Foundation.framework */,
				2BEE742516E269800066BC62 /* CoreGraphics.framework */,
			);
			name = Frameworks;
			sourceTree = "<group>";
		};
		2BEE742716E269800066BC62 /* InnoCirclesProto */ = {
			isa = PBXGroup;
			children = (
				2BEE743016E269800066BC62 /* AppDelegate.h */,
				2BEE743116E269800066BC62 /* AppDelegate.m */,
				2BEE743916E269800066BC62 /* MainStoryboard_iPhone.storyboard */,
				2B9EF90E16E4021D006DF30D /* NewOperationViewController.h */,
				2B9EF90F16E4021D006DF30D /* NewOperationViewController.m */,
				2BEE743C16E269800066BC62 /* MainStoryboard_iPad.storyboard */,
				2BEE743F16E269800066BC62 /* FirstViewController.h */,
				2BEE744016E269800066BC62 /* FirstViewController.m */,
				2BEE744216E269800066BC62 /* first.png */,
				2BEE744416E269800066BC62 /* first@2x.png */,
				2BEE744616E269800066BC62 /* SecondViewController.h */,
				2BEE744716E269800066BC62 /* SecondViewController.m */,
				2BEE744916E269800066BC62 /* second.png */,
				2BEE744B16E269800066BC62 /* second@2x.png */,
				2BEE742816E269800066BC62 /* Supporting Files */,
			);
			path = InnoCirclesProto;
			sourceTree = "<group>";
		};
		2BEE742816E269800066BC62 /* Supporting Files */ = {
			isa = PBXGroup;
			children = (
				2BEE742916E269800066BC62 /* InnoCirclesProto-Info.plist */,
				2BEE742A16E269800066BC62 /* InfoPlist.strings */,
				2BEE742D16E269800066BC62 /* main.m */,
				2BEE742F16E269800066BC62 /* InnoCirclesProto-Prefix.pch */,
				2BEE743316E269800066BC62 /* Default.png */,
				2BEE743516E269800066BC62 /* Default@2x.png */,
				2BEE743716E269800066BC62 /* Default-568h@2x.png */,
			);
			name = "Supporting Files";
			sourceTree = "<group>";
		};
/* End PBXGroup section */

/* Begin PBXNativeTarget section */
		2BEE741D16E269800066BC62 /* InnoCirclesProto */ = {
			isa = PBXNativeTarget;
			buildConfigurationList = 2BEE744F16E269800066BC62 /* Build configuration list for PBXNativeTarget "InnoCirclesProto" */;
			buildPhases = (
				2BEE741A16E269800066BC62 /* Sources */,
				2BEE741B16E269800066BC62 /* Frameworks */,
				2BEE741C16E269800066BC62 /* Resources */,
			);
			buildRules = (
			);
			dependencies = (
			);
			name = InnoCirclesProto;
			productName = InnoCirclesProto;
			productReference = 2BEE741E16E269800066BC62 /* InnoCirclesProto.app */;
			productType = "com.apple.product-type.application";
		};
/* End PBXNativeTarget section */

/* Begin PBXProject section */
		2BEE741616E269800066BC62 /* Project object */ = {
			isa = PBXProject;
			attributes = {
				LastUpgradeCheck = 0460;
			};
			buildConfigurationList = 2BEE741916E269800066BC62 /* Build configuration list for PBXProject "InnoCirclesProto" */;
			compatibilityVersion = "Xcode 3.2";
			developmentRegion = English;
			hasScannedForEncodings = 0;
			knownRegions = (
				en,
			);
			mainGroup = 2BEE741516E269800066BC62;
			productRefGroup = 2BEE741F16E269800066BC62 /* Products */;
			projectDirPath = "";
			projectRoot = "";
			targets = (
				2BEE741D16E269800066BC62 /* InnoCirclesProto */,
			);
		};
/* End PBXProject section */

/* Begin PBXResourcesBuildPhase section */
		2BEE741C16E269800066BC62 /* Resources */ = {
			isa = PBXResourcesBuildPhase;
			buildActionMask = 2147483647;
			files = (
				2BEE742C16E269800066BC62 /* InfoPlist.strings in Resources */,
				2BEE743416E269800066BC62 /* Default.png in Resources */,
				2BEE743616E269800066BC62 /* Default@2x.png in Resources */,
				2BEE743816E269800066BC62 /* Default-568h@2x.png in Resources */,
				2BEE743B16E269800066BC62 /* MainStoryboard_iPhone.storyboard in Resources */,
				2BEE743E16E269800066BC62 /* MainStoryboard_iPad.storyboard in Resources */,
				2BEE744316E269800066BC62 /* first.png in Resources */,
				2BEE744516E269800066BC62 /* first@2x.png in Resources */,
				2BEE744A16E269800066BC62 /* second.png in Resources */,
				2BEE744C16E269800066BC62 /* second@2x.png in Resources */,
			);
			runOnlyForDeploymentPostprocessing = 0;
		};
/* End PBXResourcesBuildPhase section */

/* Begin PBXSourcesBuildPhase section */
		2BEE741A16E269800066BC62 /* Sources */ = {
			isa = PBXSourcesBuildPhase;
			buildActionMask = 2147483647;
			files = (
				2BEE742E16E269800066BC62 /* main.m in Sources */,
				2BEE743216E269800066BC62 /* AppDelegate.m in Sources */,
				2BEE744116E269800066BC62 /* FirstViewController.m in Sources */,
				2BEE744816E269800066BC62 /* SecondViewController.m in Sources */,
				2B9EF91016E4021D006DF30D /* NewOperationViewController.m in Sources */,
			);
			runOnlyForDeploymentPostprocessing = 0;
		};
/* End PBXSourcesBuildPhase section */

/* Begin PBXVariantGroup section */
		2BEE742A16E269800066BC62 /* InfoPlist.strings */ = {
			isa = PBXVariantGroup;
			children = (
				2BEE742B16E269800066BC62 /* en */,
			);
			name = InfoPlist.strings;
			sourceTree = "<group>";
		};
		2BEE743916E269800066BC62 /* MainStoryboard_iPhone.storyboard */ = {
			isa = PBXVariantGroup;
			children = (
				2BEE743A16E269800066BC62 /* en */,
			);
			name = MainStoryboard_iPhone.storyboard;
			sourceTree = "<group>";
		};
		2BEE743C16E269800066BC62 /* MainStoryboard_iPad.storyboard */ = {
			isa = PBXVariantGroup;
			children = (
				2BEE743D16E269800066BC62 /* en */,
			);
			name = MainStoryboard_iPad.storyboard;
			sourceTree = "<group>";
		};
/* End PBXVariantGroup section */

/* Begin XCBuildConfiguration section */
		2BEE744D16E269800066BC62 /* Debug */ = {
			isa = XCBuildConfiguration;
			buildSettings = {
				ALWAYS_SEARCH_USER_PATHS = NO;
				CLANG_CXX_LANGUAGE_STANDARD = "gnu++0x";
				CLANG_CXX_LIBRARY = "libc++";
				CLANG_ENABLE_OBJC_ARC = YES;
				CLANG_WARN_CONSTANT_CONVERSION = YES;
				CLANG_WARN_EMPTY_BODY = YES;
				CLANG_WARN_ENUM_CONVERSION = YES;
				CLANG_WARN_INT_CONVERSION = YES;
				CLANG_WARN__DUPLICATE_METHOD_MATCH = YES;
				"CODE_SIGN_IDENTITY[sdk=iphoneos*]" = "iPhone Developer";
				COPY_PHASE_STRIP = NO;
				GCC_C_LANGUAGE_STANDARD = gnu99;
				GCC_DYNAMIC_NO_PIC = NO;
				GCC_OPTIMIZATION_LEVEL = 0;
				GCC_PREPROCESSOR_DEFINITIONS = (
					"DEBUG=1",
					"$(inherited)",
				);
				GCC_SYMBOLS_PRIVATE_EXTERN = NO;
				GCC_WARN_ABOUT_RETURN_TYPE = YES;
				GCC_WARN_UNINITIALIZED_AUTOS = YES;
				GCC_WARN_UNUSED_VARIABLE = YES;
				IPHONEOS_DEPLOYMENT_TARGET = 6.1;
				ONLY_ACTIVE_ARCH = YES;
				SDKROOT = iphoneos;
				TARGETED_DEVICE_FAMILY = "1,2";
			};
			name = Debug;
		};
		2BEE744E16E269800066BC62 /* Release */ = {
			isa = XCBuildConfiguration;
			buildSettings = {
				ALWAYS_SEARCH_USER_PATHS = NO;
				CLANG_CXX_LANGUAGE_STANDARD = "gnu++0x";
				CLANG_CXX_LIBRARY = "libc++";
				CLANG_ENABLE_OBJC_ARC = YES;
				CLANG_WARN_CONSTANT_CONVERSION = YES;
				CLANG_WARN_EMPTY_BODY = YES;
				CLANG_WARN_ENUM_CONVERSION = YES;
				CLANG_WARN_INT_CONVERSION = YES;
				CLANG_WARN__DUPLICATE_METHOD_MATCH = YES;
				"CODE_SIGN_IDENTITY[sdk=iphoneos*]" = "iPhone Developer";
				COPY_PHASE_STRIP = YES;
				GCC_C_LANGUAGE_STANDARD = gnu99;
				GCC_WARN_ABOUT_RETURN_TYPE = YES;
				GCC_WARN_UNINITIALIZED_AUTOS = YES;
				GCC_WARN_UNUSED_VARIABLE = YES;
				IPHONEOS_DEPLOYMENT_TARGET = 6.1;
				OTHER_CFLAGS = "-DNS_BLOCK_ASSERTIONS=1";
				SDKROOT = iphoneos;
				TARGETED_DEVICE_FAMILY = "1,2";
				VALIDATE_PRODUCT = YES;
			};
			name = Release;
		};
		2BEE745016E269800066BC62 /* Debug */ = {
			isa = XCBuildConfiguration;
			buildSettings = {
				GCC_PRECOMPILE_PREFIX_HEADER = YES;
				GCC_PREFIX_HEADER = "InnoCirclesProto/InnoCirclesProto-Prefix.pch";
				INFOPLIST_FILE = "InnoCirclesProto/InnoCirclesProto-Info.plist";
				PRODUCT_NAME = "$(TARGET_NAME)";
				WRAPPER_EXTENSION = app;
			};
			name = Debug;
		};
		2BEE745116E269800066BC62 /* Release */ = {
			isa = XCBuildConfiguration;
			buildSettings = {
				GCC_PRECOMPILE_PREFIX_HEADER = YES;
				GCC_PREFIX_HEADER = "InnoCirclesProto/InnoCirclesProto-Prefix.pch";
				INFOPLIST_FILE = "InnoCirclesProto/InnoCirclesProto-Info.plist";
				PRODUCT_NAME = "$(TARGET_NAME)";
				WRAPPER_EXTENSION = app;
			};
			name = Release;
		};
/* End XCBuildConfiguration section */

/* Begin XCConfigurationList section */
		2BEE741916E269800066BC62 /* Build configuration list for PBXProject "InnoCirclesProto" */ = {
			isa = XCConfigurationList;
			buildConfigurations = (
				2BEE744D16E269800066BC62 /* Debug */,
				2BEE744E16E269800066BC62 /* Release */,
			);
			defaultConfigurationIsVisible = 0;
			defaultConfigurationName = Release;
		};
		2BEE744F16E269800066BC62 /* Build configuration list for PBXNativeTarget "InnoCirclesProto" */ = {
			isa = XCConfigurationList;
			buildConfigurations = (
				2BEE745016E269800066BC62 /* Debug */,
				2BEE745116E269800066BC62 /* Release */,
			);
			defaultConfigurationIsVisible = 0;
			defaultConfigurationName = Release;
		};
/* End XCConfigurationList section */
	};
	rootObject = 2BEE741616E269800066BC62 /* Project object */;
}
